
Microsoft Visual Studio Solution File, Format Version 12.00
# Visual Studio Version 17
VisualStudioVersion = 17.2.32602.215
MinimumVisualStudioVersion = 10.0.40219.1
Project("{2150E333-8FDC-42A3-9474-1A3956D46DE8}") = "Building Blocks", "Building Blocks", "{344B90A1-9B8E-4322-9171-383F45F17920}"
EndProject
Project("{2150E333-8FDC-42A3-9474-1A3956D46DE8}") = "Services", "Services", "{35BEC632-4715-4DE4-9995-69DDDEA5830E}"
EndProject
Project("{2150E333-8FDC-42A3-9474-1A3956D46DE8}") = "Web", "Web", "{E03F3B73-B38B-48A6-B11B-0D432E0FF892}"
EndProject
Project("{2150E333-8FDC-42A3-9474-1A3956D46DE8}") = "src", "src", "{BFC76307-6222-4123-BCFB-466E58B2118B}"
EndProject
Project("{2150E333-8FDC-42A3-9474-1A3956D46DE8}") = "Identity", "Identity", "{4F079955-7BA5-4482-95A6-4ECA5369CEFA}"
EndProject
Project("{FAE04EC0-301F-11D3-BF4B-00C04F79EFBC}") = "Identity.API", "src\services\Identity.API\Identity.API.csproj", "{58EAC853-6C4C-42ED-BFE9-E69C73E66307}"
EndProject
Project("{2150E333-8FDC-42A3-9474-1A3956D46DE8}") = "MVC", "MVC", "{AF604477-6401-4FE9-85E2-808A28E92067}"
EndProject
Project("{FAE04EC0-301F-11D3-BF4B-00C04F79EFBC}") = "WebApp.MVC", "src\web\WebApp.MVC\WebApp.MVC.csproj", "{D28A5064-E599-4CF1-80E1-FD453B4FC88A}"
EndProject
Project("{2150E333-8FDC-42A3-9474-1A3956D46DE8}") = "Core", "Core", "{E54310A0-B0FE-44B5-A7B4-A22134336F1D}"
EndProject
Project("{FAE04EC0-301F-11D3-BF4B-00C04F79EFBC}") = "Core", "src\building blocks\Core\Core.csproj", "{A915BF92-1A57-4137-B677-D9A799131C3F}"
EndProject
Project("{2150E333-8FDC-42A3-9474-1A3956D46DE8}") = "Cart", "Cart", "{1AE2EF4F-8CFE-46D8-B303-2FB92D95FD30}"
EndProject
Project("{2150E333-8FDC-42A3-9474-1A3956D46DE8}") = "Client", "Client", "{4783E43E-58ED-4D58-8CFC-2635BDAA21D9}"
EndProject
Project("{2150E333-8FDC-42A3-9474-1A3956D46DE8}") = "Payment", "Payment", "{6775D6AF-ADD3-41A5-B92E-130746CDB682}"
EndProject
Project("{2150E333-8FDC-42A3-9474-1A3956D46DE8}") = "Order", "Order", "{F538ACF9-A013-4631-ADA1-E9984AEA308E}"
EndProject
Project("{FAE04EC0-301F-11D3-BF4B-00C04F79EFBC}") = "Cart.API", "src\services\Cart.API\Cart.API.csproj", "{CFACE008-ED11-4333-9930-7AE0D9860DCD}"
EndProject
Project("{FAE04EC0-301F-11D3-BF4B-00C04F79EFBC}") = "Client.API", "src\services\Client.API\Client.API.csproj", "{DFA3CF5E-8579-4152-A77E-C35218848B4F}"
EndProject
Project("{FAE04EC0-301F-11D3-BF4B-00C04F79EFBC}") = "Order.API", "src\services\Order.API\Order.API.csproj", "{F192739D-20FE-4AEC-9BB4-990868BD489A}"
EndProject
Project("{FAE04EC0-301F-11D3-BF4B-00C04F79EFBC}") = "Payment.API", "src\services\Payment.API\Payment.API.csproj", "{AA56CFC8-773E-4ECE-89DC-FCBCC9FAD352}"
EndProject
Global
	GlobalSection(SolutionConfigurationPlatforms) = preSolution
		Debug|Any CPU = Debug|Any CPU
		Release|Any CPU = Release|Any CPU
	EndGlobalSection
	GlobalSection(ProjectConfigurationPlatforms) = postSolution
		{58EAC853-6C4C-42ED-BFE9-E69C73E66307}.Debug|Any CPU.ActiveCfg = Debug|Any CPU
		{58EAC853-6C4C-42ED-BFE9-E69C73E66307}.Debug|Any CPU.Build.0 = Debug|Any CPU
		{58EAC853-6C4C-42ED-BFE9-E69C73E66307}.Release|Any CPU.ActiveCfg = Release|Any CPU
		{58EAC853-6C4C-42ED-BFE9-E69C73E66307}.Release|Any CPU.Build.0 = Release|Any CPU
		{D28A5064-E599-4CF1-80E1-FD453B4FC88A}.Debug|Any CPU.ActiveCfg = Debug|Any CPU
		{D28A5064-E599-4CF1-80E1-FD453B4FC88A}.Debug|Any CPU.Build.0 = Debug|Any CPU
		{D28A5064-E599-4CF1-80E1-FD453B4FC88A}.Release|Any CPU.ActiveCfg = Release|Any CPU
		{D28A5064-E599-4CF1-80E1-FD453B4FC88A}.Release|Any CPU.Build.0 = Release|Any CPU
		{A915BF92-1A57-4137-B677-D9A799131C3F}.Debug|Any CPU.ActiveCfg = Debug|Any CPU
		{A915BF92-1A57-4137-B677-D9A799131C3F}.Debug|Any CPU.Build.0 = Debug|Any CPU
		{A915BF92-1A57-4137-B677-D9A799131C3F}.Release|Any CPU.ActiveCfg = Release|Any CPU
		{A915BF92-1A57-4137-B677-D9A799131C3F}.Release|Any CPU.Build.0 = Release|Any CPU
		{CFACE008-ED11-4333-9930-7AE0D9860DCD}.Debug|Any CPU.ActiveCfg = Debug|Any CPU
		{CFACE008-ED11-4333-9930-7AE0D9860DCD}.Debug|Any CPU.Build.0 = Debug|Any CPU
		{CFACE008-ED11-4333-9930-7AE0D9860DCD}.Release|Any CPU.ActiveCfg = Release|Any CPU
		{CFACE008-ED11-4333-9930-7AE0D9860DCD}.Release|Any CPU.Build.0 = Release|Any CPU
		{DFA3CF5E-8579-4152-A77E-C35218848B4F}.Debug|Any CPU.ActiveCfg = Debug|Any CPU
		{DFA3CF5E-8579-4152-A77E-C35218848B4F}.Debug|Any CPU.Build.0 = Debug|Any CPU
		{DFA3CF5E-8579-4152-A77E-C35218848B4F}.Release|Any CPU.ActiveCfg = Release|Any CPU
		{DFA3CF5E-8579-4152-A77E-C35218848B4F}.Release|Any CPU.Build.0 = Release|Any CPU
		{F192739D-20FE-4AEC-9BB4-990868BD489A}.Debug|Any CPU.ActiveCfg = Debug|Any CPU
		{F192739D-20FE-4AEC-9BB4-990868BD489A}.Debug|Any CPU.Build.0 = Debug|Any CPU
		{F192739D-20FE-4AEC-9BB4-990868BD489A}.Release|Any CPU.ActiveCfg = Release|Any CPU
		{F192739D-20FE-4AEC-9BB4-990868BD489A}.Release|Any CPU.Build.0 = Release|Any CPU
		{AA56CFC8-773E-4ECE-89DC-FCBCC9FAD352}.Debug|Any CPU.ActiveCfg = Debug|Any CPU
		{AA56CFC8-773E-4ECE-89DC-FCBCC9FAD352}.Debug|Any CPU.Build.0 = Debug|Any CPU
		{AA56CFC8-773E-4ECE-89DC-FCBCC9FAD352}.Release|Any CPU.ActiveCfg = Release|Any CPU
		{AA56CFC8-773E-4ECE-89DC-FCBCC9FAD352}.Release|Any CPU.Build.0 = Release|Any CPU
	EndGlobalSection
	GlobalSection(SolutionProperties) = preSolution
		HideSolutionNode = FALSE
	EndGlobalSection
	GlobalSection(NestedProjects) = preSolution
		{344B90A1-9B8E-4322-9171-383F45F17920} = {BFC76307-6222-4123-BCFB-466E58B2118B}
		{35BEC632-4715-4DE4-9995-69DDDEA5830E} = {BFC76307-6222-4123-BCFB-466E58B2118B}
		{E03F3B73-B38B-48A6-B11B-0D432E0FF892} = {BFC76307-6222-4123-BCFB-466E58B2118B}
		{4F079955-7BA5-4482-95A6-4ECA5369CEFA} = {35BEC632-4715-4DE4-9995-69DDDEA5830E}
		{58EAC853-6C4C-42ED-BFE9-E69C73E66307} = {4F079955-7BA5-4482-95A6-4ECA5369CEFA}
		{AF604477-6401-4FE9-85E2-808A28E92067} = {E03F3B73-B38B-48A6-B11B-0D432E0FF892}
		{D28A5064-E599-4CF1-80E1-FD453B4FC88A} = {AF604477-6401-4FE9-85E2-808A28E92067}
		{E54310A0-B0FE-44B5-A7B4-A22134336F1D} = {344B90A1-9B8E-4322-9171-383F45F17920}
		{A915BF92-1A57-4137-B677-D9A799131C3F} = {E54310A0-B0FE-44B5-A7B4-A22134336F1D}
		{1AE2EF4F-8CFE-46D8-B303-2FB92D95FD30} = {35BEC632-4715-4DE4-9995-69DDDEA5830E}
		{4783E43E-58ED-4D58-8CFC-2635BDAA21D9} = {35BEC632-4715-4DE4-9995-69DDDEA5830E}
		{6775D6AF-ADD3-41A5-B92E-130746CDB682} = {35BEC632-4715-4DE4-9995-69DDDEA5830E}
		{F538ACF9-A013-4631-ADA1-E9984AEA308E} = {35BEC632-4715-4DE4-9995-69DDDEA5830E}
		{CFACE008-ED11-4333-9930-7AE0D9860DCD} = {1AE2EF4F-8CFE-46D8-B303-2FB92D95FD30}
		{DFA3CF5E-8579-4152-A77E-C35218848B4F} = {4783E43E-58ED-4D58-8CFC-2635BDAA21D9}
		{F192739D-20FE-4AEC-9BB4-990868BD489A} = {F538ACF9-A013-4631-ADA1-E9984AEA308E}
		{AA56CFC8-773E-4ECE-89DC-FCBCC9FAD352} = {6775D6AF-ADD3-41A5-B92E-130746CDB682}
	EndGlobalSection
	GlobalSection(ExtensibilityGlobals) = postSolution
		SolutionGuid = {A546BD20-1F0F-42D7-96CD-84D5E7019379}
	EndGlobalSection
EndGlobal
